// !$*UTF8*$!
{
	archiveVersion = 1;
	classes = {
	};
	objectVersion = 46;
	objects = {

/* Begin PBXBuildFile section */
		59B0EC071C4F717C00455F8B /* main.m in Sources */ = {isa = PBXBuildFile; fileRef = 59B0EC061C4F717C00455F8B /* main.m */; };
		59B0EC0A1C4F717C00455F8B /* AppDelegate.m in Sources */ = {isa = PBXBuildFile; fileRef = 59B0EC091C4F717C00455F8B /* AppDelegate.m */; };
		59B0EC0D1C4F717C00455F8B /* FirstViewController.m in Sources */ = {isa = PBXBuildFile; fileRef = 59B0EC0C1C4F717C00455F8B /* FirstViewController.m */; };
		59B0EC101C4F717C00455F8B /* SecondViewController.m in Sources */ = {isa = PBXBuildFile; fileRef = 59B0EC0F1C4F717C00455F8B /* SecondViewController.m */; };
		59B0EC131C4F717C00455F8B /* Main.storyboard in Resources */ = {isa = PBXBuildFile; fileRef = 59B0EC111C4F717C00455F8B /* Main.storyboard */; };
		59B0EC151C4F717C00455F8B /* Assets.xcassets in Resources */ = {isa = PBXBuildFile; fileRef = 59B0EC141C4F717C00455F8B /* Assets.xcassets */; };
		59B0EC181C4F717C00455F8B /* LaunchScreen.storyboard in Resources */ = {isa = PBXBuildFile; fileRef = 59B0EC161C4F717C00455F8B /* LaunchScreen.storyboard */; };
/* End PBXBuildFile section */

/* Begin PBXFileReference section */
		59B0EC021C4F717C00455F8B /* Demo.app */ = {isa = PBXFileReference; explicitFileType = wrapper.application; includeInIndex = 0; path = Demo.app; sourceTree = BUILT_PRODUCTS_DIR; };
		59B0EC061C4F717C00455F8B /* main.m */ = {isa = PBXFileReference; lastKnownFileType = sourcecode.c.objc; path = main.m; sourceTree = "<group>"; };
		59B0EC081C4F717C00455F8B /* AppDelegate.h */ = {isa = PBXFileReference; lastKnownFileType = sourcecode.c.h; path = AppDelegate.h; sourceTree = "<group>"; };
		59B0EC091C4F717C00455F8B /* AppDelegate.m */ = {isa = PBXFileReference; lastKnownFileType = sourcecode.c.objc; path = AppDelegate.m; sourceTree = "<group>"; };
		59B0EC0B1C4F717C00455F8B /* FirstViewController.h */ = {isa = PBXFileReference; lastKnownFileType = sourcecode.c.h; path = FirstViewController.h; sourceTree = "<group>"; };
		59B0EC0C1C4F717C00455F8B /* FirstViewController.m */ = {isa = PBXFileReference; lastKnownFileType = sourcecode.c.objc; path = FirstViewController.m; sourceTree = "<group>"; };
		59B0EC0E1C4F717C00455F8B /* SecondViewController.h */ = {isa = PBXFileReference; lastKnownFileType = sourcecode.c.h; path = SecondViewController.h; sourceTree = "<group>"; };
		59B0EC0F1C4F717C00455F8B /* SecondViewController.m */ = {isa = PBXFileReference; lastKnownFileType = sourcecode.c.objc; path = SecondViewController.m; sourceTree = "<group>"; };
		59B0EC121C4F717C00455F8B /* Base */ = {isa = PBXFileReference; lastKnownFileType = file.storyboard; name = Base; path = Base.lproj/Main.storyboard; sourceTree = "<group>"; };
		59B0EC141C4F717C00455F8B /* Assets.xcassets */ = {isa = PBXFileReference; lastKnownFileType = folder.assetcatalog; path = Assets.xcassets; sourceTree = "<group>"; };
		59B0EC171C4F717C00455F8B /* Base */ = {isa = PBXFileReference; lastKnownFileType = file.storyboard; name = Base; path = Base.lproj/LaunchScreen.storyboard; sourceTree = "<group>"; };
		59B0EC191C4F717C00455F8B /* Info.plist */ = {isa = PBXFileReference; lastKnownFileType = text.plist.xml; path = Info.plist; sourceTree = "<group>"; };
/* End PBXFileReference section */

/* Begin PBXFrameworksBuildPhase section */
		59B0EBFF1C4F717C00455F8B /* Frameworks */ = {
			isa = PBXFrameworksBuildPhase;
			buildActionMask = 2147483647;
			files = (
			);
			runOnlyForDeploymentPostprocessing = 0;
		};
/* End PBXFrameworksBuildPhase section */

/* Begin PBXGroup section */
		59B0EBF91C4F717C00455F8B = {
			isa = PBXGroup;
			children = (
				59B0EC041C4F717C00455F8B /* Demo */,
				59B0EC031C4F717C00455F8B /* Products */,
			);
			sourceTree = "<group>";
		};
		59B0EC031C4F717C00455F8B /* Products */ = {
			isa = PBXGroup;
			children = (
				59B0EC021C4F717C00455F8B /* Demo.app */,
			);
			name = Products;
			sourceTree = "<group>";
		};
		59B0EC041C4F717C00455F8B /* Demo */ = {
			isa = PBXGroup;
			children = (
				59B0EC081C4F717C00455F8B /* AppDelegate.h */,
				59B0EC091C4F717C00455F8B /* AppDelegate.m */,
				59B0EC0B1C4F717C00455F8B /* FirstViewController.h */,
				59B0EC0C1C4F717C00455F8B /* FirstViewController.m */,
				59B0EC0E1C4F717C00455F8B /* SecondViewController.h */,
				59B0EC0F1C4F717C00455F8B /* SecondViewController.m */,
				59B0EC111C4F717C00455F8B /* Main.storyboard */,
				59B0EC141C4F717C00455F8B /* Assets.xcassets */,
				59B0EC161C4F717C00455F8B /* LaunchScreen.storyboard */,
				59B0EC191C4F717C00455F8B /* Info.plist */,
				59B0EC051C4F717C00455F8B /* Supporting Files */,
			);
			path = Demo;
			sourceTree = "<group>";
		};
		59B0EC051C4F717C00455F8B /* Supporting Files */ = {
			isa = PBXGroup;
			children = (
				59B0EC061C4F717C00455F8B /* main.m */,
			);
			name = "Supporting Files";
			sourceTree = "<group>";
		};
/* End PBXGroup section */

/* Begin PBXNativeTarget section */
		59B0EC011C4F717C00455F8B /* Demo */ = {
			isa = PBXNativeTarget;
			buildConfigurationList = 59B0EC1C1C4F717C00455F8B /* Build configuration list for PBXNativeTarget "Demo" */;
			buildPhases = (
				59B0EBFE1C4F717C00455F8B /* Sources */,
				59B0EBFF1C4F717C00455F8B /* Frameworks */,
				59B0EC001C4F717C00455F8B /* Resources */,
			);
			buildRules = (
			);
			dependencies = (
			);
			name = Demo;
			productName = Demo;
			productReference = 59B0EC021C4F717C00455F8B /* Demo.app */;
			productType = "com.apple.product-type.application";
		};
/* End PBXNativeTarget section */

/* Begin PBXProject section */
		59B0EBFA1C4F717C00455F8B /* Project object */ = {
			isa = PBXProject;
			attributes = {
				LastUpgradeCheck = 0710;
				ORGANIZATIONNAME = jianghouyu;
				TargetAttributes = {
					59B0EC011C4F717C00455F8B = {
						CreatedOnToolsVersion = 7.1.1;
						DevelopmentTeam = 553X7W9P28;
					};
				};
			};
			buildConfigurationList = 59B0EBFD1C4F717C00455F8B /* Build configuration list for PBXProject "Demo" */;
			compatibilityVersion = "Xcode 3.2";
			developmentRegion = English;
			hasScannedForEncodings = 0;
			knownRegions = (
				en,
				Base,
			);
			mainGroup = 59B0EBF91C4F717C00455F8B;
			productRefGroup = 59B0EC031C4F717C00455F8B /* Products */;
			projectDirPath = "";
			projectRoot = "";
			targets = (
				59B0EC011C4F717C00455F8B /* Demo */,
			);
		};
/* End PBXProject section */

/* Begin PBXResourcesBuildPhase section */
		59B0EC001C4F717C00455F8B /* Resources */ = {
			isa = PBXResourcesBuildPhase;
			buildActionMask = 2147483647;
			files = (
				59B0EC181C4F717C00455F8B /* LaunchScreen.storyboard in Resources */,
				59B0EC151C4F717C00455F8B /* Assets.xcassets in Resources */,
				59B0EC131C4F717C00455F8B /* Main.storyboard in Resources */,
			);
			runOnlyForDeploymentPostprocessing = 0;
		};
/* End PBXResourcesBuildPhase section */

/* Begin PBXSourcesBuildPhase section */
		59B0EBFE1C4F717C00455F8B /* Sources */ = {
			isa = PBXSourcesBuildPhase;
			buildActionMask = 2147483647;
			files = (
				59B0EC101C4F717C00455F8B /* SecondViewController.m in Sources */,
				59B0EC0A1C4F717C00455F8B /* AppDelegate.m in Sources */,
				59B0EC0D1C4F717C00455F8B /* FirstViewController.m in Sources */,
				59B0EC071C4F717C00455F8B /* main.m in Sources */,
			);
			runOnlyForDeploymentPostprocessing = 0;
		};
/* End PBXSourcesBuildPhase section */

/* Begin PBXVariantGroup section */
		59B0EC111C4F717C00455F8B /* Main.storyboard */ = {
			isa = PBXVariantGroup;
			children = (
				59B0EC121C4F717C00455F8B /* Base */,
			);
			name = Main.storyboard;
			sourceTree = "<group>";
		};
		59B0EC161C4F717C00455F8B /* LaunchScreen.storyboard */ = {
			isa = PBXVariantGroup;
			children = (
				59B0EC171C4F717C00455F8B /* Base */,
			);
			name = LaunchScreen.storyboard;
			sourceTree = "<group>";
		};
/* End PBXVariantGroup section */

/* Begin XCBuildConfiguration section */
		59B0EC1A1C4F717C00455F8B /* Debug */ = {
			isa = XCBuildConfiguration;
			buildSettings = {
				ALWAYS_SEARCH_USER_PATHS = NO;
				CLANG_CXX_LANGUAGE_STANDARD = "gnu++0x";
				CLANG_CXX_LIBRARY = "libc++";
				CLANG_ENABLE_MODULES = YES;
				CLANG_ENABLE_OBJC_ARC = YES;
				CLANG_WARN_BOOL_CONVERSION = YES;
				CLANG_WARN_CONSTANT_CONVERSION = YES;
				CLANG_WARN_DIRECT_OBJC_ISA_USAGE = YES_ERROR;
				CLANG_WARN_EMPTY_BODY = YES;
				CLANG_WARN_ENUM_CONVERSION = YES;
				CLANG_WARN_INT_CONVERSION = YES;
				CLANG_WARN_OBJC_ROOT_CLASS = YES_ERROR;
				CLANG_WARN_UNREACHABLE_CODE = YES;
				CLANG_WARN__DUPLICATE_METHOD_MATCH = YES;
				"CODE_SIGN_IDENTITY[sdk=iphoneos*]" = "iPhone Developer";
				COPY_PHASE_STRIP = NO;
				DEBUG_INFORMATION_FORMAT = dwarf;
				ENABLE_STRICT_OBJC_MSGSEND = YES;
				ENABLE_TESTABILITY = YES;
				GCC_C_LANGUAGE_STANDARD = gnu99;
				GCC_DYNAMIC_NO_PIC = NO;
				GCC_NO_COMMON_BLOCKS = YES;
				GCC_OPTIMIZATION_LEVEL = 0;
				GCC_PREPROCESSOR_DEFINITIONS = (
					"DEBUG=1",
					"$(inherited)",
				);
				GCC_WARN_64_TO_32_BIT_CONVERSION = YES;
				GCC_WARN_ABOUT_RETURN_TYPE = YES_ERROR;
				GCC_WARN_UNDECLARED_SELECTOR = YES;
				GCC_WARN_UNINITIALIZED_AUTOS = YES_AGGRESSIVE;
				GCC_WARN_UNUSED_FUNCTION = YES;
				GCC_WARN_UNUSED_VARIABLE = YES;
				IPHONEOS_DEPLOYMENT_TARGET = 9.1;
				MTL_ENABLE_DEBUG_INFO = YES;
				ONLY_ACTIVE_ARCH = YES;
				SDKROOT = iphoneos;
			};
			name = Debug;
		};
		59B0EC1B1C4F717C00455F8B /* Release */ = {
			isa = XCBuildConfiguration;
			buildSettings = {
				ALWAYS_SEARCH_USER_PATHS = NO;
				CLANG_CXX_LANGUAGE_STANDARD = "gnu++0x";
				CLANG_CXX_LIBRARY = "libc++";
				CLANG_ENABLE_MODULES = YES;
				CLANG_ENABLE_OBJC_ARC = YES;
				CLANG_WARN_BOOL_CONVERSION = YES;
				CLANG_WARN_CONSTANT_CONVERSION = YES;
				CLANG_WARN_DIRECT_OBJC_ISA_USAGE = YES_ERROR;
				CLANG_WARN_EMPTY_BODY = YES;
				CLANG_WARN_ENUM_CONVERSION = YES;
				CLANG_WARN_INT_CONVERSION = YES;
				CLANG_WARN_OBJC_ROOT_CLASS = YES_ERROR;
				CLANG_WARN_UNREACHABLE_CODE = YES;
				CLANG_WARN__DUPLICATE_METHOD_MATCH = YES;
				"CODE_SIGN_IDENTITY[sdk=iphoneos*]" = "iPhone Developer";
				COPY_PHASE_STRIP = NO;
				DEBUG_INFORMATION_FORMAT = "dwarf-with-dsym";
				ENABLE_NS_ASSERTIONS = NO;
				ENABLE_STRICT_OBJC_MSGSEND = YES;
				GCC_C_LANGUAGE_STANDARD = gnu99;
				GCC_NO_COMMON_BLOCKS = YES;
				GCC_WARN_64_TO_32_BIT_CONVERSION = YES;
				GCC_WARN_ABOUT_RETURN_TYPE = YES_ERROR;
				GCC_WARN_UNDECLARED_SELECTOR = YES;
				GCC_WARN_UNINITIALIZED_AUTOS = YES_AGGRESSIVE;
				GCC_WARN_UNUSED_FUNCTION = YES;
				GCC_WARN_UNUSED_VARIABLE = YES;
				IPHONEOS_DEPLOYMENT_TARGET = 9.1;
				MTL_ENABLE_DEBUG_INFO = NO;
				SDKROOT = iphoneos;
				VALIDATE_PRODUCT = YES;
			};
			name = Release;
		};
		59B0EC1D1C4F717C00455F8B /* Debug */ = {
			isa = XCBuildConfiguration;
			buildSettings = {
				ASSETCATALOG_COMPILER_APPICON_NAME = AppIcon;
				INFOPLIST_FILE = Demo/Info.plist;
				LD_RUNPATH_SEARCH_PATHS = "$(inherited) @executable_path/Frameworks";
				PRODUCT_BUNDLE_IDENTIFIER = com.jhy.gy.Demo;
				PRODUCT_NAME = "$(TARGET_NAME)";
			};
			name = Debug;
		};
		59B0EC1E1C4F717C00455F8B /* Release */ = {
			isa = XCBuildConfiguration;
			buildSettings = {
				ASSETCATALOG_COMPILER_APPICON_NAME = AppIcon;
				INFOPLIST_FILE = Demo/Info.plist;
				LD_RUNPATH_SEARCH_PATHS = "$(inherited) @executable_path/Frameworks";
				PRODUCT_BUNDLE_IDENTIFIER = com.jhy.gy.Demo;
				PRODUCT_NAME = "$(TARGET_NAME)";
			};
			name = Release;
		};
/* End XCBuildConfiguration section */

/* Begin XCConfigurationList section */
		59B0EBFD1C4F717C00455F8B /* Build configuration list for PBXProject "Demo" */ = {
			isa = XCConfigurationList;
			buildConfigurations = (
				59B0EC1A1C4F717C00455F8B /* Debug */,
				59B0EC1B1C4F717C00455F8B /* Release */,
			);
			defaultConfigurationIsVisible = 0;
			defaultConfigurationName = Release;
		};
		59B0EC1C1C4F717C00455F8B /* Build configuration list for PBXNativeTarget "Demo" */ = {
			isa = XCConfigurationList;
			buildConfigurations = (
				59B0EC1D1C4F717C00455F8B /* Debug */,
				59B0EC1E1C4F717C00455F8B /* Release */,
			);
			defaultConfigurationIsVisible = 0;
		};
/* End XCConfigurationList section */
	};
	rootObject = 59B0EBFA1C4F717C00455F8B /* Project object */;
}
