// !$*UTF8*$!
{
	archiveVersion = 1;
	classes = {
	};
	objectVersion = 46;
	objects = {

/* Begin PBXBuildFile section */
		591AF9E41C5EFC9700F56A8F /* LaunchScreen.storyboard in Resources */ = {isa = PBXBuildFile; fileRef = 591AF9E31C5EFC9700F56A8F /* LaunchScreen.storyboard */; };
		591AF9EA1C5F41A300F56A8F /* JAddSCJHTableViewController.m in Sources */ = {isa = PBXBuildFile; fileRef = 591AF9E91C5F41A300F56A8F /* JAddSCJHTableViewController.m */; };
		592299331C5703A900970D50 /* JWorkViewController.m in Sources */ = {isa = PBXBuildFile; fileRef = 592299321C5703A900970D50 /* JWorkViewController.m */; };
		592299371C5716EE00970D50 /* JDepartViewController.m in Sources */ = {isa = PBXBuildFile; fileRef = 592299351C5716EE00970D50 /* JDepartViewController.m */; };
		5922993B1C5719F300970D50 /* Depart.m in Sources */ = {isa = PBXBuildFile; fileRef = 5922993A1C5719F300970D50 /* Depart.m */; };
		597061211C537A8000F246EC /* n_webservice.m in Sources */ = {isa = PBXBuildFile; fileRef = 597061161C537A8000F246EC /* n_webservice.m */; settings = {COMPILER_FLAGS = "-fno-objc-arc"; }; };
		597061221C537A8000F246EC /* NSDate+ISO8601Parsing.m in Sources */ = {isa = PBXBuildFile; fileRef = 597061181C537A8000F246EC /* NSDate+ISO8601Parsing.m */; settings = {COMPILER_FLAGS = "-fno-objc-arc"; }; };
		597061231C537A8000F246EC /* NSDate+ISO8601Unparsing.m in Sources */ = {isa = PBXBuildFile; fileRef = 5970611A1C537A8000F246EC /* NSDate+ISO8601Unparsing.m */; settings = {COMPILER_FLAGS = "-fno-objc-arc"; }; };
		597061241C537A8000F246EC /* USAdditions.m in Sources */ = {isa = PBXBuildFile; fileRef = 5970611C1C537A8000F246EC /* USAdditions.m */; settings = {COMPILER_FLAGS = "-fno-objc-arc"; }; };
		597061251C537A8000F246EC /* USGlobals.m in Sources */ = {isa = PBXBuildFile; fileRef = 5970611E1C537A8000F246EC /* USGlobals.m */; settings = {COMPILER_FLAGS = "-fno-objc-arc"; }; };
		597061261C537A8000F246EC /* xsd.m in Sources */ = {isa = PBXBuildFile; fileRef = 597061201C537A8000F246EC /* xsd.m */; settings = {COMPILER_FLAGS = "-fno-objc-arc"; }; };
		597061281C537B4600F246EC /* libxml2.tbd in Frameworks */ = {isa = PBXBuildFile; fileRef = 597061271C537B4600F246EC /* libxml2.tbd */; };
		597061321C537F1800F246EC /* JGetMenu.m in Sources */ = {isa = PBXBuildFile; fileRef = 597061311C537F1800F246EC /* JGetMenu.m */; settings = {COMPILER_FLAGS = "-fno-objc-arc"; }; };
		5970613A1C538CC300F246EC /* Work.storyboard in Resources */ = {isa = PBXBuildFile; fileRef = 597061391C538CC300F246EC /* Work.storyboard */; };
		5970613D1C53925F00F246EC /* Menu.m in Sources */ = {isa = PBXBuildFile; fileRef = 5970613C1C53925F00F246EC /* Menu.m */; };
		597061451C5488D800F246EC /* MeTableViewController.m in Sources */ = {isa = PBXBuildFile; fileRef = 597061441C5488D800F246EC /* MeTableViewController.m */; };
		598123541C5BA447005A87C6 /* JShowPhotoViewController.m in Sources */ = {isa = PBXBuildFile; fileRef = 598123531C5BA447005A87C6 /* JShowPhotoViewController.m */; };
		59A6706B1C574AC100CDD403 /* JUserViewController.m in Sources */ = {isa = PBXBuildFile; fileRef = 59A670691C574AC100CDD403 /* JUserViewController.m */; };
		59A6706F1C574C2F00CDD403 /* User.m in Sources */ = {isa = PBXBuildFile; fileRef = 59A6706E1C574C2F00CDD403 /* User.m */; };
		59A670781C575E5A00CDD403 /* JDepartHelper.m in Sources */ = {isa = PBXBuildFile; fileRef = 59A670771C575E5A00CDD403 /* JDepartHelper.m */; };
		59A6707C1C57640100CDD403 /* JUserTableViewCell.m in Sources */ = {isa = PBXBuildFile; fileRef = 59A6707A1C57640100CDD403 /* JUserTableViewCell.m */; };
		59A6707D1C57640100CDD403 /* JUserTableViewCell.xib in Resources */ = {isa = PBXBuildFile; fileRef = 59A6707B1C57640100CDD403 /* JUserTableViewCell.xib */; };
		59A670801C579D4300CDD403 /* JGetProject.m in Sources */ = {isa = PBXBuildFile; fileRef = 59A6707F1C579D4300CDD403 /* JGetProject.m */; settings = {COMPILER_FLAGS = "-fno-objc-arc"; }; };
		59A670831C579D7700CDD403 /* JGetUserByMenu.m in Sources */ = {isa = PBXBuildFile; fileRef = 59A670821C579D7700CDD403 /* JGetUserByMenu.m */; settings = {COMPILER_FLAGS = "-fno-objc-arc"; }; };
		59A670861C579D9000CDD403 /* JModifyDepart.m in Sources */ = {isa = PBXBuildFile; fileRef = 59A670851C579D9000CDD403 /* JModifyDepart.m */; settings = {COMPILER_FLAGS = "-fno-objc-arc"; }; };
		59A670891C579E3F00CDD403 /* JModifyProject.m in Sources */ = {isa = PBXBuildFile; fileRef = 59A670881C579E3F00CDD403 /* JModifyProject.m */; settings = {COMPILER_FLAGS = "-fno-objc-arc"; }; };
		59A6708C1C579E6B00CDD403 /* JModifyRoll.m in Sources */ = {isa = PBXBuildFile; fileRef = 59A6708B1C579E6B00CDD403 /* JModifyRoll.m */; settings = {COMPILER_FLAGS = "-fno-objc-arc"; }; };
		59A6708F1C579E8A00CDD403 /* JModifyUser.m in Sources */ = {isa = PBXBuildFile; fileRef = 59A6708E1C579E8A00CDD403 /* JModifyUser.m */; settings = {COMPILER_FLAGS = "-fno-objc-arc"; }; };
		59A670921C57B64000CDD403 /* Contants.m in Sources */ = {isa = PBXBuildFile; fileRef = 59A670911C57B64000CDD403 /* Contants.m */; };
		59A670951C5854A800CDD403 /* JLoginHelper.m in Sources */ = {isa = PBXBuildFile; fileRef = 59A670941C5854A800CDD403 /* JLoginHelper.m */; };
		59A670981C58589900CDD403 /* Users.m in Sources */ = {isa = PBXBuildFile; fileRef = 59A670971C58589900CDD403 /* Users.m */; };
		59A6709B1C5866F800CDD403 /* Login.storyboard in Resources */ = {isa = PBXBuildFile; fileRef = 59A6709A1C5866F800CDD403 /* Login.storyboard */; };
		59A670A11C58678200CDD403 /* JLoginViewController.m in Sources */ = {isa = PBXBuildFile; fileRef = 59A670A01C58678200CDD403 /* JLoginViewController.m */; };
		59A670A41C58B6C600CDD403 /* Home.storyboard in Resources */ = {isa = PBXBuildFile; fileRef = 59A670A31C58B6C600CDD403 /* Home.storyboard */; };
		59A670A71C58B7A600CDD403 /* JHomeViewController.m in Sources */ = {isa = PBXBuildFile; fileRef = 59A670A61C58B7A600CDD403 /* JHomeViewController.m */; };
		59A670AD1C5A053300CDD403 /* Map.storyboard in Resources */ = {isa = PBXBuildFile; fileRef = 59A670AC1C5A053300CDD403 /* Map.storyboard */; };
		59A670B01C5A057800CDD403 /* JMapViewController.m in Sources */ = {isa = PBXBuildFile; fileRef = 59A670AF1C5A057800CDD403 /* JMapViewController.m */; };
		59A670B61C5A3C9100CDD403 /* JUserInfoTableViewController.m in Sources */ = {isa = PBXBuildFile; fileRef = 59A670B51C5A3C9100CDD403 /* JUserInfoTableViewController.m */; };
		59A670BD1C5A490700CDD403 /* JAddUserTableViewController.m in Sources */ = {isa = PBXBuildFile; fileRef = 59A670BC1C5A490700CDD403 /* JAddUserTableViewController.m */; };
		59A670C01C5AF42200CDD403 /* JAddProjectTableViewController.m in Sources */ = {isa = PBXBuildFile; fileRef = 59A670BF1C5AF42200CDD403 /* JAddProjectTableViewController.m */; };
		59A670C31C5B462D00CDD403 /* JImagePickerHelper.m in Sources */ = {isa = PBXBuildFile; fileRef = 59A670C21C5B462D00CDD403 /* JImagePickerHelper.m */; };
		59B0EC071C4F717C00455F8B /* main.m in Sources */ = {isa = PBXBuildFile; fileRef = 59B0EC061C4F717C00455F8B /* main.m */; };
		59B0EC0A1C4F717C00455F8B /* AppDelegate.mm in Sources */ = {isa = PBXBuildFile; fileRef = 59B0EC091C4F717C00455F8B /* AppDelegate.mm */; };
		59B0EC251C4F767400455F8B /* BaseTabBarController.m in Sources */ = {isa = PBXBuildFile; fileRef = 59B0EC241C4F767400455F8B /* BaseTabBarController.m */; };
		59B0EC2A1C4F7B8B00455F8B /* Images.xcassets in Resources */ = {isa = PBXBuildFile; fileRef = 59B0EC291C4F7B8B00455F8B /* Images.xcassets */; };
		59B0EC301C507F2C00455F8B /* Me.storyboard in Resources */ = {isa = PBXBuildFile; fileRef = 59B0EC2F1C507F2C00455F8B /* Me.storyboard */; };
		59B4D7131C565D7100BB0D58 /* JCheckIMEI.m in Sources */ = {isa = PBXBuildFile; fileRef = 59B4D7121C565D7100BB0D58 /* JCheckIMEI.m */; settings = {COMPILER_FLAGS = "-fno-objc-arc"; }; };
		59B4D7161C56602000BB0D58 /* JSendSMS.m in Sources */ = {isa = PBXBuildFile; fileRef = 59B4D7151C56602000BB0D58 /* JSendSMS.m */; settings = {COMPILER_FLAGS = "-fno-objc-arc"; }; };
		59B4D7191C56603800BB0D58 /* JCheckSFZH.m in Sources */ = {isa = PBXBuildFile; fileRef = 59B4D7181C56603800BB0D58 /* JCheckSFZH.m */; settings = {COMPILER_FLAGS = "-fno-objc-arc"; }; };
		59B4D71C1C56604A00BB0D58 /* JUpdateIMEI.m in Sources */ = {isa = PBXBuildFile; fileRef = 59B4D71B1C56604A00BB0D58 /* JUpdateIMEI.m */; settings = {COMPILER_FLAGS = "-fno-objc-arc"; }; };
		59B4D71F1C56606200BB0D58 /* JGetDepart.m in Sources */ = {isa = PBXBuildFile; fileRef = 59B4D71E1C56606200BB0D58 /* JGetDepart.m */; settings = {COMPILER_FLAGS = "-fno-objc-arc"; }; };
		59B4D7221C56609900BB0D58 /* JGetUser.m in Sources */ = {isa = PBXBuildFile; fileRef = 59B4D7211C56609900BB0D58 /* JGetUser.m */; settings = {COMPILER_FLAGS = "-fno-objc-arc"; }; };
		737C9AF68A485E72C6778F88 /* libPods.a in Frameworks */ = {isa = PBXBuildFile; fileRef = 58F272DAE86D96C8F62B7756 /* libPods.a */; };
/* End PBXBuildFile section */

/* Begin PBXFileReference section */
		58F272DAE86D96C8F62B7756 /* libPods.a */ = {isa = PBXFileReference; explicitFileType = archive.ar; includeInIndex = 0; path = libPods.a; sourceTree = BUILT_PRODUCTS_DIR; };
		591AF9E31C5EFC9700F56A8F /* LaunchScreen.storyboard */ = {isa = PBXFileReference; fileEncoding = 4; lastKnownFileType = file.storyboard; path = LaunchScreen.storyboard; sourceTree = "<group>"; };
		591AF9E81C5F41A300F56A8F /* JAddSCJHTableViewController.h */ = {isa = PBXFileReference; fileEncoding = 4; lastKnownFileType = sourcecode.c.h; path = JAddSCJHTableViewController.h; sourceTree = "<group>"; };
		591AF9E91C5F41A300F56A8F /* JAddSCJHTableViewController.m */ = {isa = PBXFileReference; fileEncoding = 4; lastKnownFileType = sourcecode.c.objc; path = JAddSCJHTableViewController.m; sourceTree = "<group>"; };
		592299311C5703A900970D50 /* JWorkViewController.h */ = {isa = PBXFileReference; fileEncoding = 4; lastKnownFileType = sourcecode.c.h; path = JWorkViewController.h; sourceTree = "<group>"; };
		592299321C5703A900970D50 /* JWorkViewController.m */ = {isa = PBXFileReference; fileEncoding = 4; lastKnownFileType = sourcecode.c.objc; path = JWorkViewController.m; sourceTree = "<group>"; tabWidth = 3; };
		592299341C5716EE00970D50 /* JDepartViewController.h */ = {isa = PBXFileReference; fileEncoding = 4; lastKnownFileType = sourcecode.c.h; path = JDepartViewController.h; sourceTree = "<group>"; };
		592299351C5716EE00970D50 /* JDepartViewController.m */ = {isa = PBXFileReference; fileEncoding = 4; lastKnownFileType = sourcecode.c.objc; path = JDepartViewController.m; sourceTree = "<group>"; };
		592299391C5719F300970D50 /* Depart.h */ = {isa = PBXFileReference; fileEncoding = 4; lastKnownFileType = sourcecode.c.h; path = Depart.h; sourceTree = "<group>"; };
		5922993A1C5719F300970D50 /* Depart.m */ = {isa = PBXFileReference; fileEncoding = 4; lastKnownFileType = sourcecode.c.objc; path = Depart.m; sourceTree = "<group>"; };
		597061151C537A8000F246EC /* n_webservice.h */ = {isa = PBXFileReference; fileEncoding = 4; lastKnownFileType = sourcecode.c.h; path = n_webservice.h; sourceTree = "<group>"; };
		597061161C537A8000F246EC /* n_webservice.m */ = {isa = PBXFileReference; fileEncoding = 4; lastKnownFileType = sourcecode.c.objc; path = n_webservice.m; sourceTree = "<group>"; };
		597061171C537A8000F246EC /* NSDate+ISO8601Parsing.h */ = {isa = PBXFileReference; fileEncoding = 4; lastKnownFileType = sourcecode.c.h; path = "NSDate+ISO8601Parsing.h"; sourceTree = "<group>"; };
		597061181C537A8000F246EC /* NSDate+ISO8601Parsing.m */ = {isa = PBXFileReference; fileEncoding = 4; lastKnownFileType = sourcecode.c.objc; path = "NSDate+ISO8601Parsing.m"; sourceTree = "<group>"; };
		597061191C537A8000F246EC /* NSDate+ISO8601Unparsing.h */ = {isa = PBXFileReference; fileEncoding = 4; lastKnownFileType = sourcecode.c.h; path = "NSDate+ISO8601Unparsing.h"; sourceTree = "<group>"; };
		5970611A1C537A8000F246EC /* NSDate+ISO8601Unparsing.m */ = {isa = PBXFileReference; fileEncoding = 4; lastKnownFileType = sourcecode.c.objc; path = "NSDate+ISO8601Unparsing.m"; sourceTree = "<group>"; };
		5970611B1C537A8000F246EC /* USAdditions.h */ = {isa = PBXFileReference; fileEncoding = 4; lastKnownFileType = sourcecode.c.h; path = USAdditions.h; sourceTree = "<group>"; };
		5970611C1C537A8000F246EC /* USAdditions.m */ = {isa = PBXFileReference; fileEncoding = 4; lastKnownFileType = sourcecode.c.objc; path = USAdditions.m; sourceTree = "<group>"; };
		5970611D1C537A8000F246EC /* USGlobals.h */ = {isa = PBXFileReference; fileEncoding = 4; lastKnownFileType = sourcecode.c.h; path = USGlobals.h; sourceTree = "<group>"; };
		5970611E1C537A8000F246EC /* USGlobals.m */ = {isa = PBXFileReference; fileEncoding = 4; lastKnownFileType = sourcecode.c.objc; path = USGlobals.m; sourceTree = "<group>"; };
		5970611F1C537A8000F246EC /* xsd.h */ = {isa = PBXFileReference; fileEncoding = 4; lastKnownFileType = sourcecode.c.h; path = xsd.h; sourceTree = "<group>"; };
		597061201C537A8000F246EC /* xsd.m */ = {isa = PBXFileReference; fileEncoding = 4; lastKnownFileType = sourcecode.c.objc; path = xsd.m; sourceTree = "<group>"; };
		597061271C537B4600F246EC /* libxml2.tbd */ = {isa = PBXFileReference; lastKnownFileType = "sourcecode.text-based-dylib-definition"; name = libxml2.tbd; path = usr/lib/libxml2.tbd; sourceTree = SDKROOT; };
		597061301C537F1800F246EC /* JGetMenu.h */ = {isa = PBXFileReference; fileEncoding = 4; lastKnownFileType = sourcecode.c.h; path = JGetMenu.h; sourceTree = "<group>"; };
		597061311C537F1800F246EC /* JGetMenu.m */ = {isa = PBXFileReference; fileEncoding = 4; lastKnownFileType = sourcecode.c.objc; path = JGetMenu.m; sourceTree = "<group>"; };
		597061391C538CC300F246EC /* Work.storyboard */ = {isa = PBXFileReference; fileEncoding = 4; lastKnownFileType = file.storyboard; path = Work.storyboard; sourceTree = "<group>"; };
		5970613B1C53925F00F246EC /* Menu.h */ = {isa = PBXFileReference; fileEncoding = 4; lastKnownFileType = sourcecode.c.h; path = Menu.h; sourceTree = "<group>"; };
		5970613C1C53925F00F246EC /* Menu.m */ = {isa = PBXFileReference; fileEncoding = 4; lastKnownFileType = sourcecode.c.objc; path = Menu.m; sourceTree = "<group>"; };
		597061431C5488D800F246EC /* MeTableViewController.h */ = {isa = PBXFileReference; fileEncoding = 4; lastKnownFileType = sourcecode.c.h; path = MeTableViewController.h; sourceTree = "<group>"; };
		597061441C5488D800F246EC /* MeTableViewController.m */ = {isa = PBXFileReference; fileEncoding = 4; lastKnownFileType = sourcecode.c.objc; path = MeTableViewController.m; sourceTree = "<group>"; };
		598123521C5BA447005A87C6 /* JShowPhotoViewController.h */ = {isa = PBXFileReference; fileEncoding = 4; lastKnownFileType = sourcecode.c.h; path = JShowPhotoViewController.h; sourceTree = "<group>"; };
		598123531C5BA447005A87C6 /* JShowPhotoViewController.m */ = {isa = PBXFileReference; fileEncoding = 4; lastKnownFileType = sourcecode.c.objc; path = JShowPhotoViewController.m; sourceTree = "<group>"; };
		59A670681C574AC100CDD403 /* JUserViewController.h */ = {isa = PBXFileReference; fileEncoding = 4; lastKnownFileType = sourcecode.c.h; path = JUserViewController.h; sourceTree = "<group>"; };
		59A670691C574AC100CDD403 /* JUserViewController.m */ = {isa = PBXFileReference; fileEncoding = 4; lastKnownFileType = sourcecode.c.objc; path = JUserViewController.m; sourceTree = "<group>"; };
		59A6706D1C574C2F00CDD403 /* User.h */ = {isa = PBXFileReference; fileEncoding = 4; lastKnownFileType = sourcecode.c.h; path = User.h; sourceTree = "<group>"; };
		59A6706E1C574C2F00CDD403 /* User.m */ = {isa = PBXFileReference; fileEncoding = 4; lastKnownFileType = sourcecode.c.objc; path = User.m; sourceTree = "<group>"; };
		59A670761C575E5A00CDD403 /* JDepartHelper.h */ = {isa = PBXFileReference; fileEncoding = 4; lastKnownFileType = sourcecode.c.h; path = JDepartHelper.h; sourceTree = "<group>"; };
		59A670771C575E5A00CDD403 /* JDepartHelper.m */ = {isa = PBXFileReference; fileEncoding = 4; lastKnownFileType = sourcecode.c.objc; path = JDepartHelper.m; sourceTree = "<group>"; };
		59A670791C57640100CDD403 /* JUserTableViewCell.h */ = {isa = PBXFileReference; fileEncoding = 4; lastKnownFileType = sourcecode.c.h; path = JUserTableViewCell.h; sourceTree = "<group>"; };
		59A6707A1C57640100CDD403 /* JUserTableViewCell.m */ = {isa = PBXFileReference; fileEncoding = 4; lastKnownFileType = sourcecode.c.objc; path = JUserTableViewCell.m; sourceTree = "<group>"; };
		59A6707B1C57640100CDD403 /* JUserTableViewCell.xib */ = {isa = PBXFileReference; fileEncoding = 4; lastKnownFileType = file.xib; path = JUserTableViewCell.xib; sourceTree = "<group>"; };
		59A6707E1C579D4300CDD403 /* JGetProject.h */ = {isa = PBXFileReference; fileEncoding = 4; lastKnownFileType = sourcecode.c.h; path = JGetProject.h; sourceTree = "<group>"; };
		59A6707F1C579D4300CDD403 /* JGetProject.m */ = {isa = PBXFileReference; fileEncoding = 4; lastKnownFileType = sourcecode.c.objc; path = JGetProject.m; sourceTree = "<group>"; };
		59A670811C579D7700CDD403 /* JGetUserByMenu.h */ = {isa = PBXFileReference; fileEncoding = 4; lastKnownFileType = sourcecode.c.h; path = JGetUserByMenu.h; sourceTree = "<group>"; };
		59A670821C579D7700CDD403 /* JGetUserByMenu.m */ = {isa = PBXFileReference; fileEncoding = 4; lastKnownFileType = sourcecode.c.objc; path = JGetUserByMenu.m; sourceTree = "<group>"; };
		59A670841C579D9000CDD403 /* JModifyDepart.h */ = {isa = PBXFileReference; fileEncoding = 4; lastKnownFileType = sourcecode.c.h; path = JModifyDepart.h; sourceTree = "<group>"; };
		59A670851C579D9000CDD403 /* JModifyDepart.m */ = {isa = PBXFileReference; fileEncoding = 4; lastKnownFileType = sourcecode.c.objc; path = JModifyDepart.m; sourceTree = "<group>"; };
		59A670871C579E3F00CDD403 /* JModifyProject.h */ = {isa = PBXFileReference; fileEncoding = 4; lastKnownFileType = sourcecode.c.h; path = JModifyProject.h; sourceTree = "<group>"; };
		59A670881C579E3F00CDD403 /* JModifyProject.m */ = {isa = PBXFileReference; fileEncoding = 4; lastKnownFileType = sourcecode.c.objc; path = JModifyProject.m; sourceTree = "<group>"; };
		59A6708A1C579E6B00CDD403 /* JModifyRoll.h */ = {isa = PBXFileReference; fileEncoding = 4; lastKnownFileType = sourcecode.c.h; path = JModifyRoll.h; sourceTree = "<group>"; };
		59A6708B1C579E6B00CDD403 /* JModifyRoll.m */ = {isa = PBXFileReference; fileEncoding = 4; lastKnownFileType = sourcecode.c.objc; path = JModifyRoll.m; sourceTree = "<group>"; };
		59A6708D1C579E8A00CDD403 /* JModifyUser.h */ = {isa = PBXFileReference; fileEncoding = 4; lastKnownFileType = sourcecode.c.h; path = JModifyUser.h; sourceTree = "<group>"; };
		59A6708E1C579E8A00CDD403 /* JModifyUser.m */ = {isa = PBXFileReference; fileEncoding = 4; lastKnownFileType = sourcecode.c.objc; path = JModifyUser.m; sourceTree = "<group>"; };
		59A670901C57B64000CDD403 /* Contants.h */ = {isa = PBXFileReference; fileEncoding = 4; lastKnownFileType = sourcecode.c.h; path = Contants.h; sourceTree = "<group>"; };
		59A670911C57B64000CDD403 /* Contants.m */ = {isa = PBXFileReference; fileEncoding = 4; lastKnownFileType = sourcecode.c.objc; path = Contants.m; sourceTree = "<group>"; };
		59A670931C5854A800CDD403 /* JLoginHelper.h */ = {isa = PBXFileReference; fileEncoding = 4; lastKnownFileType = sourcecode.c.h; path = JLoginHelper.h; sourceTree = "<group>"; };
		59A670941C5854A800CDD403 /* JLoginHelper.m */ = {isa = PBXFileReference; fileEncoding = 4; lastKnownFileType = sourcecode.c.objc; path = JLoginHelper.m; sourceTree = "<group>"; };
		59A670961C58589900CDD403 /* Users.h */ = {isa = PBXFileReference; fileEncoding = 4; lastKnownFileType = sourcecode.c.h; path = Users.h; sourceTree = "<group>"; };
		59A670971C58589900CDD403 /* Users.m */ = {isa = PBXFileReference; fileEncoding = 4; lastKnownFileType = sourcecode.c.objc; path = Users.m; sourceTree = "<group>"; };
		59A6709A1C5866F800CDD403 /* Login.storyboard */ = {isa = PBXFileReference; fileEncoding = 4; lastKnownFileType = file.storyboard; path = Login.storyboard; sourceTree = "<group>"; };
		59A6709F1C58678200CDD403 /* JLoginViewController.h */ = {isa = PBXFileReference; fileEncoding = 4; lastKnownFileType = sourcecode.c.h; path = JLoginViewController.h; sourceTree = "<group>"; };
		59A670A01C58678200CDD403 /* JLoginViewController.m */ = {isa = PBXFileReference; fileEncoding = 4; lastKnownFileType = sourcecode.c.objc; path = JLoginViewController.m; sourceTree = "<group>"; };
		59A670A31C58B6C600CDD403 /* Home.storyboard */ = {isa = PBXFileReference; fileEncoding = 4; lastKnownFileType = file.storyboard; path = Home.storyboard; sourceTree = "<group>"; };
		59A670A51C58B7A600CDD403 /* JHomeViewController.h */ = {isa = PBXFileReference; fileEncoding = 4; lastKnownFileType = sourcecode.c.h; path = JHomeViewController.h; sourceTree = "<group>"; };
		59A670A61C58B7A600CDD403 /* JHomeViewController.m */ = {isa = PBXFileReference; fileEncoding = 4; lastKnownFileType = sourcecode.c.objc; path = JHomeViewController.m; sourceTree = "<group>"; };
		59A670AC1C5A053300CDD403 /* Map.storyboard */ = {isa = PBXFileReference; fileEncoding = 4; lastKnownFileType = file.storyboard; path = Map.storyboard; sourceTree = "<group>"; };
		59A670AE1C5A057800CDD403 /* JMapViewController.h */ = {isa = PBXFileReference; fileEncoding = 4; lastKnownFileType = sourcecode.c.h; path = JMapViewController.h; sourceTree = "<group>"; };
		59A670AF1C5A057800CDD403 /* JMapViewController.m */ = {isa = PBXFileReference; fileEncoding = 4; lastKnownFileType = sourcecode.c.objc; path = JMapViewController.m; sourceTree = "<group>"; };
		59A670B41C5A3C9100CDD403 /* JUserInfoTableViewController.h */ = {isa = PBXFileReference; fileEncoding = 4; lastKnownFileType = sourcecode.c.h; path = JUserInfoTableViewController.h; sourceTree = "<group>"; };
		59A670B51C5A3C9100CDD403 /* JUserInfoTableViewController.m */ = {isa = PBXFileReference; fileEncoding = 4; lastKnownFileType = sourcecode.c.objc; path = JUserInfoTableViewController.m; sourceTree = "<group>"; };
		59A670BB1C5A490700CDD403 /* JAddUserTableViewController.h */ = {isa = PBXFileReference; fileEncoding = 4; lastKnownFileType = sourcecode.c.h; path = JAddUserTableViewController.h; sourceTree = "<group>"; };
		59A670BC1C5A490700CDD403 /* JAddUserTableViewController.m */ = {isa = PBXFileReference; fileEncoding = 4; lastKnownFileType = sourcecode.c.objc; path = JAddUserTableViewController.m; sourceTree = "<group>"; };
		59A670BE1C5AF42200CDD403 /* JAddProjectTableViewController.h */ = {isa = PBXFileReference; fileEncoding = 4; lastKnownFileType = sourcecode.c.h; path = JAddProjectTableViewController.h; sourceTree = "<group>"; };
		59A670BF1C5AF42200CDD403 /* JAddProjectTableViewController.m */ = {isa = PBXFileReference; fileEncoding = 4; lastKnownFileType = sourcecode.c.objc; path = JAddProjectTableViewController.m; sourceTree = "<group>"; };
		59A670C11C5B462D00CDD403 /* JImagePickerHelper.h */ = {isa = PBXFileReference; fileEncoding = 4; lastKnownFileType = sourcecode.c.h; path = JImagePickerHelper.h; sourceTree = "<group>"; };
		59A670C21C5B462D00CDD403 /* JImagePickerHelper.m */ = {isa = PBXFileReference; fileEncoding = 4; lastKnownFileType = sourcecode.c.objc; path = JImagePickerHelper.m; sourceTree = "<group>"; };
		59B0EC021C4F717C00455F8B /* Demo.app */ = {isa = PBXFileReference; explicitFileType = wrapper.application; includeInIndex = 0; path = Demo.app; sourceTree = BUILT_PRODUCTS_DIR; };
		59B0EC061C4F717C00455F8B /* main.m */ = {isa = PBXFileReference; lastKnownFileType = sourcecode.c.objc; path = main.m; sourceTree = "<group>"; };
		59B0EC081C4F717C00455F8B /* AppDelegate.h */ = {isa = PBXFileReference; lastKnownFileType = sourcecode.c.h; path = AppDelegate.h; sourceTree = "<group>"; };
		59B0EC091C4F717C00455F8B /* AppDelegate.mm */ = {isa = PBXFileReference; lastKnownFileType = sourcecode.cpp.objcpp; path = AppDelegate.mm; sourceTree = "<group>"; };
		59B0EC191C4F717C00455F8B /* Info.plist */ = {isa = PBXFileReference; lastKnownFileType = text.plist.xml; path = Info.plist; sourceTree = "<group>"; };
		59B0EC201C4F75DC00455F8B /* PrefixHeader.pch */ = {isa = PBXFileReference; lastKnownFileType = sourcecode.c.h; path = PrefixHeader.pch; sourceTree = "<group>"; };
		59B0EC231C4F767400455F8B /* BaseTabBarController.h */ = {isa = PBXFileReference; fileEncoding = 4; lastKnownFileType = sourcecode.c.h; path = BaseTabBarController.h; sourceTree = "<group>"; };
		59B0EC241C4F767400455F8B /* BaseTabBarController.m */ = {isa = PBXFileReference; fileEncoding = 4; lastKnownFileType = sourcecode.c.objc; path = BaseTabBarController.m; sourceTree = "<group>"; };
		59B0EC271C4F792800455F8B /* UIContants.h */ = {isa = PBXFileReference; lastKnownFileType = sourcecode.c.h; path = UIContants.h; sourceTree = "<group>"; };
		59B0EC291C4F7B8B00455F8B /* Images.xcassets */ = {isa = PBXFileReference; lastKnownFileType = folder.assetcatalog; path = Images.xcassets; sourceTree = "<group>"; };
		59B0EC2F1C507F2C00455F8B /* Me.storyboard */ = {isa = PBXFileReference; fileEncoding = 4; lastKnownFileType = file.storyboard; path = Me.storyboard; sourceTree = "<group>"; };
		59B4D7111C565D7100BB0D58 /* JCheckIMEI.h */ = {isa = PBXFileReference; fileEncoding = 4; lastKnownFileType = sourcecode.c.h; path = JCheckIMEI.h; sourceTree = "<group>"; };
		59B4D7121C565D7100BB0D58 /* JCheckIMEI.m */ = {isa = PBXFileReference; fileEncoding = 4; lastKnownFileType = sourcecode.c.objc; path = JCheckIMEI.m; sourceTree = "<group>"; };
		59B4D7141C56602000BB0D58 /* JSendSMS.h */ = {isa = PBXFileReference; fileEncoding = 4; lastKnownFileType = sourcecode.c.h; path = JSendSMS.h; sourceTree = "<group>"; };
		59B4D7151C56602000BB0D58 /* JSendSMS.m */ = {isa = PBXFileReference; fileEncoding = 4; lastKnownFileType = sourcecode.c.objc; path = JSendSMS.m; sourceTree = "<group>"; };
		59B4D7171C56603800BB0D58 /* JCheckSFZH.h */ = {isa = PBXFileReference; fileEncoding = 4; lastKnownFileType = sourcecode.c.h; path = JCheckSFZH.h; sourceTree = "<group>"; };
		59B4D7181C56603800BB0D58 /* JCheckSFZH.m */ = {isa = PBXFileReference; fileEncoding = 4; lastKnownFileType = sourcecode.c.objc; path = JCheckSFZH.m; sourceTree = "<group>"; };
		59B4D71A1C56604A00BB0D58 /* JUpdateIMEI.h */ = {isa = PBXFileReference; fileEncoding = 4; lastKnownFileType = sourcecode.c.h; path = JUpdateIMEI.h; sourceTree = "<group>"; };
		59B4D71B1C56604A00BB0D58 /* JUpdateIMEI.m */ = {isa = PBXFileReference; fileEncoding = 4; lastKnownFileType = sourcecode.c.objc; path = JUpdateIMEI.m; sourceTree = "<group>"; };
		59B4D71D1C56606200BB0D58 /* JGetDepart.h */ = {isa = PBXFileReference; fileEncoding = 4; lastKnownFileType = sourcecode.c.h; path = JGetDepart.h; sourceTree = "<group>"; };
		59B4D71E1C56606200BB0D58 /* JGetDepart.m */ = {isa = PBXFileReference; fileEncoding = 4; lastKnownFileType = sourcecode.c.objc; path = JGetDepart.m; sourceTree = "<group>"; };
		59B4D7201C56609900BB0D58 /* JGetUser.h */ = {isa = PBXFileReference; fileEncoding = 4; lastKnownFileType = sourcecode.c.h; path = JGetUser.h; sourceTree = "<group>"; };
		59B4D7211C56609900BB0D58 /* JGetUser.m */ = {isa = PBXFileReference; fileEncoding = 4; lastKnownFileType = sourcecode.c.objc; path = JGetUser.m; sourceTree = "<group>"; };
		7E39D02B9FA7B08EFD35C669 /* Pods.release.xcconfig */ = {isa = PBXFileReference; includeInIndex = 1; lastKnownFileType = text.xcconfig; name = Pods.release.xcconfig; path = "Pods/Target Support Files/Pods/Pods.release.xcconfig"; sourceTree = "<group>"; };
		88AF246B2409BE146038DD36 /* Pods.debug.xcconfig */ = {isa = PBXFileReference; includeInIndex = 1; lastKnownFileType = text.xcconfig; name = Pods.debug.xcconfig; path = "Pods/Target Support Files/Pods/Pods.debug.xcconfig"; sourceTree = "<group>"; };
/* End PBXFileReference section */

/* Begin PBXFrameworksBuildPhase section */
		59B0EBFF1C4F717C00455F8B /* Frameworks */ = {
			isa = PBXFrameworksBuildPhase;
			buildActionMask = 2147483647;
			files = (
				597061281C537B4600F246EC /* libxml2.tbd in Frameworks */,
				737C9AF68A485E72C6778F88 /* libPods.a in Frameworks */,
			);
			runOnlyForDeploymentPostprocessing = 0;
		};
/* End PBXFrameworksBuildPhase section */

/* Begin PBXGroup section */
		0075B7468EBBB4C2CA8E56F4 /* Pods */ = {
			isa = PBXGroup;
			children = (
				88AF246B2409BE146038DD36 /* Pods.debug.xcconfig */,
				7E39D02B9FA7B08EFD35C669 /* Pods.release.xcconfig */,
			);
			name = Pods;
			sourceTree = "<group>";
		};
		591AF9EB1C603FD400F56A8F /* 3rdParty */ = {
			isa = PBXGroup;
			children = (
			);
			name = 3rdParty;
			sourceTree = "<group>";
		};
		5925B1EC1C5EE825006D0BC2 /* Launch */ = {
			isa = PBXGroup;
			children = (
				591AF9E31C5EFC9700F56A8F /* LaunchScreen.storyboard */,
			);
			name = Launch;
			sourceTree = "<group>";
		};
		597060FB1C53716B00F246EC /* ViewController */ = {
			isa = PBXGroup;
			children = (
				5925B1EC1C5EE825006D0BC2 /* Launch */,
				59A670AB1C5A052200CDD403 /* Map */,
				59A670A21C58B6B600CDD403 /* Home */,
				59A670991C5866E100CDD403 /* Login */,
				597061291C537BC600F246EC /* Work */,
				59B0EC321C50D60E00455F8B /* Me */,
				59B0EC221C4F761E00455F8B /* TabBarController */,
			);
			name = ViewController;
			sourceTree = "<group>";
		};
		597060FC1C53717600F246EC /* Model */ = {
			isa = PBXGroup;
			children = (
				5970613B1C53925F00F246EC /* Menu.h */,
				5970613C1C53925F00F246EC /* Menu.m */,
				592299391C5719F300970D50 /* Depart.h */,
				5922993A1C5719F300970D50 /* Depart.m */,
				59A6706D1C574C2F00CDD403 /* User.h */,
				59A6706E1C574C2F00CDD403 /* User.m */,
				59A670961C58589900CDD403 /* Users.h */,
				59A670971C58589900CDD403 /* Users.m */,
			);
			name = Model;
			sourceTree = "<group>";
		};
		597060FD1C53717D00F246EC /* Utils */ = {
			isa = PBXGroup;
			children = (
				59B0EC261C4F790600455F8B /* Constants */,
				59A670761C575E5A00CDD403 /* JDepartHelper.h */,
				59A670771C575E5A00CDD403 /* JDepartHelper.m */,
				59A670931C5854A800CDD403 /* JLoginHelper.h */,
				59A670941C5854A800CDD403 /* JLoginHelper.m */,
				59A670C11C5B462D00CDD403 /* JImagePickerHelper.h */,
				59A670C21C5B462D00CDD403 /* JImagePickerHelper.m */,
			);
			name = Utils;
			sourceTree = "<group>";
		};
		597060FF1C5371F500F246EC /* NetWork */ = {
			isa = PBXGroup;
			children = (
				5970612F1C537ED900F246EC /* NetWorking */,
				597061001C5372A300F246EC /* WDSL2OBJC */,
			);
			name = NetWork;
			sourceTree = "<group>";
		};
		597061001C5372A300F246EC /* WDSL2OBJC */ = {
			isa = PBXGroup;
			children = (
				597061151C537A8000F246EC /* n_webservice.h */,
				597061161C537A8000F246EC /* n_webservice.m */,
				597061171C537A8000F246EC /* NSDate+ISO8601Parsing.h */,
				597061181C537A8000F246EC /* NSDate+ISO8601Parsing.m */,
				597061191C537A8000F246EC /* NSDate+ISO8601Unparsing.h */,
				5970611A1C537A8000F246EC /* NSDate+ISO8601Unparsing.m */,
				5970611B1C537A8000F246EC /* USAdditions.h */,
				5970611C1C537A8000F246EC /* USAdditions.m */,
				5970611D1C537A8000F246EC /* USGlobals.h */,
				5970611E1C537A8000F246EC /* USGlobals.m */,
				5970611F1C537A8000F246EC /* xsd.h */,
				597061201C537A8000F246EC /* xsd.m */,
			);
			name = WDSL2OBJC;
			sourceTree = "<group>";
		};
		597061291C537BC600F246EC /* Work */ = {
			isa = PBXGroup;
			children = (
				597061391C538CC300F246EC /* Work.storyboard */,
				59A670BB1C5A490700CDD403 /* JAddUserTableViewController.h */,
				59A670BC1C5A490700CDD403 /* JAddUserTableViewController.m */,
				592299311C5703A900970D50 /* JWorkViewController.h */,
				592299321C5703A900970D50 /* JWorkViewController.m */,
				592299341C5716EE00970D50 /* JDepartViewController.h */,
				592299351C5716EE00970D50 /* JDepartViewController.m */,
				59A670681C574AC100CDD403 /* JUserViewController.h */,
				59A670691C574AC100CDD403 /* JUserViewController.m */,
				59A670791C57640100CDD403 /* JUserTableViewCell.h */,
				59A6707A1C57640100CDD403 /* JUserTableViewCell.m */,
				59A6707B1C57640100CDD403 /* JUserTableViewCell.xib */,
				59A670B41C5A3C9100CDD403 /* JUserInfoTableViewController.h */,
				59A670B51C5A3C9100CDD403 /* JUserInfoTableViewController.m */,
				59A670BE1C5AF42200CDD403 /* JAddProjectTableViewController.h */,
				59A670BF1C5AF42200CDD403 /* JAddProjectTableViewController.m */,
				598123521C5BA447005A87C6 /* JShowPhotoViewController.h */,
				598123531C5BA447005A87C6 /* JShowPhotoViewController.m */,
				591AF9E81C5F41A300F56A8F /* JAddSCJHTableViewController.h */,
				591AF9E91C5F41A300F56A8F /* JAddSCJHTableViewController.m */,
			);
			name = Work;
			sourceTree = "<group>";
		};
		5970612F1C537ED900F246EC /* NetWorking */ = {
			isa = PBXGroup;
			children = (
				597061301C537F1800F246EC /* JGetMenu.h */,
				597061311C537F1800F246EC /* JGetMenu.m */,
				59B4D7111C565D7100BB0D58 /* JCheckIMEI.h */,
				59B4D7121C565D7100BB0D58 /* JCheckIMEI.m */,
				59B4D7141C56602000BB0D58 /* JSendSMS.h */,
				59B4D7151C56602000BB0D58 /* JSendSMS.m */,
				59B4D7171C56603800BB0D58 /* JCheckSFZH.h */,
				59B4D7181C56603800BB0D58 /* JCheckSFZH.m */,
				59B4D71A1C56604A00BB0D58 /* JUpdateIMEI.h */,
				59B4D71B1C56604A00BB0D58 /* JUpdateIMEI.m */,
				59B4D71D1C56606200BB0D58 /* JGetDepart.h */,
				59B4D71E1C56606200BB0D58 /* JGetDepart.m */,
				59B4D7201C56609900BB0D58 /* JGetUser.h */,
				59B4D7211C56609900BB0D58 /* JGetUser.m */,
				59A6707E1C579D4300CDD403 /* JGetProject.h */,
				59A6707F1C579D4300CDD403 /* JGetProject.m */,
				59A670811C579D7700CDD403 /* JGetUserByMenu.h */,
				59A670821C579D7700CDD403 /* JGetUserByMenu.m */,
				59A670841C579D9000CDD403 /* JModifyDepart.h */,
				59A670851C579D9000CDD403 /* JModifyDepart.m */,
				59A670871C579E3F00CDD403 /* JModifyProject.h */,
				59A670881C579E3F00CDD403 /* JModifyProject.m */,
				59A6708A1C579E6B00CDD403 /* JModifyRoll.h */,
				59A6708B1C579E6B00CDD403 /* JModifyRoll.m */,
				59A6708D1C579E8A00CDD403 /* JModifyUser.h */,
				59A6708E1C579E8A00CDD403 /* JModifyUser.m */,
			);
			name = NetWorking;
			sourceTree = "<group>";
		};
		59A670991C5866E100CDD403 /* Login */ = {
			isa = PBXGroup;
			children = (
				59A6709A1C5866F800CDD403 /* Login.storyboard */,
				59A6709F1C58678200CDD403 /* JLoginViewController.h */,
				59A670A01C58678200CDD403 /* JLoginViewController.m */,
			);
			name = Login;
			sourceTree = "<group>";
		};
		59A670A21C58B6B600CDD403 /* Home */ = {
			isa = PBXGroup;
			children = (
				59A670A31C58B6C600CDD403 /* Home.storyboard */,
				59A670A51C58B7A600CDD403 /* JHomeViewController.h */,
				59A670A61C58B7A600CDD403 /* JHomeViewController.m */,
			);
			name = Home;
			sourceTree = "<group>";
		};
		59A670AB1C5A052200CDD403 /* Map */ = {
			isa = PBXGroup;
			children = (
				59A670AC1C5A053300CDD403 /* Map.storyboard */,
				59A670AE1C5A057800CDD403 /* JMapViewController.h */,
				59A670AF1C5A057800CDD403 /* JMapViewController.m */,
			);
			name = Map;
			sourceTree = "<group>";
		};
		59B0EBF91C4F717C00455F8B = {
			isa = PBXGroup;
			children = (
				59B0EC041C4F717C00455F8B /* Demo */,
				59B0EC031C4F717C00455F8B /* Products */,
				9A1E24352FE373DAA35312B0 /* Frameworks */,
				0075B7468EBBB4C2CA8E56F4 /* Pods */,
			);
			sourceTree = "<group>";
		};
		59B0EC031C4F717C00455F8B /* Products */ = {
			isa = PBXGroup;
			children = (
				59B0EC021C4F717C00455F8B /* Demo.app */,
			);
			name = Products;
			sourceTree = "<group>";
		};
		59B0EC041C4F717C00455F8B /* Demo */ = {
			isa = PBXGroup;
			children = (
				591AF9EB1C603FD400F56A8F /* 3rdParty */,
				59B0EC081C4F717C00455F8B /* AppDelegate.h */,
				59B0EC091C4F717C00455F8B /* AppDelegate.mm */,
				597060FF1C5371F500F246EC /* NetWork */,
				597060FD1C53717D00F246EC /* Utils */,
				597060FC1C53717600F246EC /* Model */,
				597060FB1C53716B00F246EC /* ViewController */,
				59B0EC281C4F7B2B00455F8B /* Resources */,
				59B0EC051C4F717C00455F8B /* Supporting Files */,
			);
			path = Demo;
			sourceTree = "<group>";
		};
		59B0EC051C4F717C00455F8B /* Supporting Files */ = {
			isa = PBXGroup;
			children = (
				59B0EC191C4F717C00455F8B /* Info.plist */,
				59B0EC201C4F75DC00455F8B /* PrefixHeader.pch */,
				59B0EC061C4F717C00455F8B /* main.m */,
			);
			name = "Supporting Files";
			sourceTree = "<group>";
		};
		59B0EC221C4F761E00455F8B /* TabBarController */ = {
			isa = PBXGroup;
			children = (
				59B0EC231C4F767400455F8B /* BaseTabBarController.h */,
				59B0EC241C4F767400455F8B /* BaseTabBarController.m */,
			);
			name = TabBarController;
			sourceTree = "<group>";
		};
		59B0EC261C4F790600455F8B /* Constants */ = {
			isa = PBXGroup;
			children = (
				59B0EC271C4F792800455F8B /* UIContants.h */,
				59A670901C57B64000CDD403 /* Contants.h */,
				59A670911C57B64000CDD403 /* Contants.m */,
			);
			name = Constants;
			sourceTree = "<group>";
		};
		59B0EC281C4F7B2B00455F8B /* Resources */ = {
			isa = PBXGroup;
			children = (
				59B0EC291C4F7B8B00455F8B /* Images.xcassets */,
			);
			name = Resources;
			sourceTree = "<group>";
		};
		59B0EC321C50D60E00455F8B /* Me */ = {
			isa = PBXGroup;
			children = (
				59B0EC2F1C507F2C00455F8B /* Me.storyboard */,
				597061431C5488D800F246EC /* MeTableViewController.h */,
				597061441C5488D800F246EC /* MeTableViewController.m */,
			);
			name = Me;
			sourceTree = "<group>";
		};
		9A1E24352FE373DAA35312B0 /* Frameworks */ = {
			isa = PBXGroup;
			children = (
				597061271C537B4600F246EC /* libxml2.tbd */,
				58F272DAE86D96C8F62B7756 /* libPods.a */,
			);
			name = Frameworks;
			sourceTree = "<group>";
		};
/* End PBXGroup section */

/* Begin PBXNativeTarget section */
		59B0EC011C4F717C00455F8B /* Demo */ = {
			isa = PBXNativeTarget;
			buildConfigurationList = 59B0EC1C1C4F717C00455F8B /* Build configuration list for PBXNativeTarget "Demo" */;
			buildPhases = (
				0FD9D03DA360970A2E0EE016 /* Check Pods Manifest.lock */,
				59B0EBFE1C4F717C00455F8B /* Sources */,
				59B0EBFF1C4F717C00455F8B /* Frameworks */,
				59B0EC001C4F717C00455F8B /* Resources */,
				78D8F15B8E64D3F6AB454263 /* Embed Pods Frameworks */,
				4E3FA0D8CA630B4E4BF58CE9 /* Copy Pods Resources */,
			);
			buildRules = (
			);
			dependencies = (
			);
			name = Demo;
			productName = Demo;
			productReference = 59B0EC021C4F717C00455F8B /* Demo.app */;
			productType = "com.apple.product-type.application";
		};
/* End PBXNativeTarget section */

/* Begin PBXProject section */
		59B0EBFA1C4F717C00455F8B /* Project object */ = {
			isa = PBXProject;
			attributes = {
				LastUpgradeCheck = 0710;
				ORGANIZATIONNAME = jianghouyu;
				TargetAttributes = {
					59B0EC011C4F717C00455F8B = {
						CreatedOnToolsVersion = 7.1.1;
						DevelopmentTeam = 553X7W9P28;
					};
				};
			};
			buildConfigurationList = 59B0EBFD1C4F717C00455F8B /* Build configuration list for PBXProject "Demo" */;
			compatibilityVersion = "Xcode 3.2";
			developmentRegion = English;
			hasScannedForEncodings = 0;
			knownRegions = (
				en,
				Base,
			);
			mainGroup = 59B0EBF91C4F717C00455F8B;
			productRefGroup = 59B0EC031C4F717C00455F8B /* Products */;
			projectDirPath = "";
			projectRoot = "";
			targets = (
				59B0EC011C4F717C00455F8B /* Demo */,
			);
		};
/* End PBXProject section */

/* Begin PBXResourcesBuildPhase section */
		59B0EC001C4F717C00455F8B /* Resources */ = {
			isa = PBXResourcesBuildPhase;
			buildActionMask = 2147483647;
			files = (
				59A670A41C58B6C600CDD403 /* Home.storyboard in Resources */,
				591AF9E41C5EFC9700F56A8F /* LaunchScreen.storyboard in Resources */,
				59A670AD1C5A053300CDD403 /* Map.storyboard in Resources */,
				59B0EC301C507F2C00455F8B /* Me.storyboard in Resources */,
				5970613A1C538CC300F246EC /* Work.storyboard in Resources */,
				59A6709B1C5866F800CDD403 /* Login.storyboard in Resources */,
				59A6707D1C57640100CDD403 /* JUserTableViewCell.xib in Resources */,
				59B0EC2A1C4F7B8B00455F8B /* Images.xcassets in Resources */,
			);
			runOnlyForDeploymentPostprocessing = 0;
		};
/* End PBXResourcesBuildPhase section */

/* Begin PBXShellScriptBuildPhase section */
		0FD9D03DA360970A2E0EE016 /* Check Pods Manifest.lock */ = {
			isa = PBXShellScriptBuildPhase;
			buildActionMask = 2147483647;
			files = (
			);
			inputPaths = (
			);
			name = "Check Pods Manifest.lock";
			outputPaths = (
			);
			runOnlyForDeploymentPostprocessing = 0;
			shellPath = /bin/sh;
			shellScript = "diff \"${PODS_ROOT}/../Podfile.lock\" \"${PODS_ROOT}/Manifest.lock\" > /dev/null\nif [[ $? != 0 ]] ; then\n    cat << EOM\nerror: The sandbox is not in sync with the Podfile.lock. Run 'pod install' or update your CocoaPods installation.\nEOM\n    exit 1\nfi\n";
			showEnvVarsInLog = 0;
		};
		4E3FA0D8CA630B4E4BF58CE9 /* Copy Pods Resources */ = {
			isa = PBXShellScriptBuildPhase;
			buildActionMask = 2147483647;
			files = (
			);
			inputPaths = (
			);
			name = "Copy Pods Resources";
			outputPaths = (
			);
			runOnlyForDeploymentPostprocessing = 0;
			shellPath = /bin/sh;
			shellScript = "\"${SRCROOT}/Pods/Target Support Files/Pods/Pods-resources.sh\"\n";
			showEnvVarsInLog = 0;
		};
		78D8F15B8E64D3F6AB454263 /* Embed Pods Frameworks */ = {
			isa = PBXShellScriptBuildPhase;
			buildActionMask = 2147483647;
			files = (
			);
			inputPaths = (
			);
			name = "Embed Pods Frameworks";
			outputPaths = (
			);
			runOnlyForDeploymentPostprocessing = 0;
			shellPath = /bin/sh;
			shellScript = "\"${SRCROOT}/Pods/Target Support Files/Pods/Pods-frameworks.sh\"\n";
			showEnvVarsInLog = 0;
		};
/* End PBXShellScriptBuildPhase section */

/* Begin PBXSourcesBuildPhase section */
		59B0EBFE1C4F717C00455F8B /* Sources */ = {
			isa = PBXSourcesBuildPhase;
			buildActionMask = 2147483647;
			files = (
				59A670B01C5A057800CDD403 /* JMapViewController.m in Sources */,
				59A670981C58589900CDD403 /* Users.m in Sources */,
				59A6706B1C574AC100CDD403 /* JUserViewController.m in Sources */,
				59B4D7191C56603800BB0D58 /* JCheckSFZH.m in Sources */,
				597061261C537A8000F246EC /* xsd.m in Sources */,
				59B4D7131C565D7100BB0D58 /* JCheckIMEI.m in Sources */,
				59A6708F1C579E8A00CDD403 /* JModifyUser.m in Sources */,
				59A670A71C58B7A600CDD403 /* JHomeViewController.m in Sources */,
				59B0EC251C4F767400455F8B /* BaseTabBarController.m in Sources */,
				59B4D7221C56609900BB0D58 /* JGetUser.m in Sources */,
				597061251C537A8000F246EC /* USGlobals.m in Sources */,
				59A6706F1C574C2F00CDD403 /* User.m in Sources */,
				59A670B61C5A3C9100CDD403 /* JUserInfoTableViewController.m in Sources */,
				5922993B1C5719F300970D50 /* Depart.m in Sources */,
				597061451C5488D800F246EC /* MeTableViewController.m in Sources */,
				59B0EC0A1C4F717C00455F8B /* AppDelegate.mm in Sources */,
				59A670C01C5AF42200CDD403 /* JAddProjectTableViewController.m in Sources */,
				59A670861C579D9000CDD403 /* JModifyDepart.m in Sources */,
				59B0EC071C4F717C00455F8B /* main.m in Sources */,
				5970613D1C53925F00F246EC /* Menu.m in Sources */,
				59A670891C579E3F00CDD403 /* JModifyProject.m in Sources */,
				59A670781C575E5A00CDD403 /* JDepartHelper.m in Sources */,
				59A670951C5854A800CDD403 /* JLoginHelper.m in Sources */,
				598123541C5BA447005A87C6 /* JShowPhotoViewController.m in Sources */,
				597061211C537A8000F246EC /* n_webservice.m in Sources */,
				59A6708C1C579E6B00CDD403 /* JModifyRoll.m in Sources */,
				597061221C537A8000F246EC /* NSDate+ISO8601Parsing.m in Sources */,
				592299371C5716EE00970D50 /* JDepartViewController.m in Sources */,
				59B4D7161C56602000BB0D58 /* JSendSMS.m in Sources */,
				59A670A11C58678200CDD403 /* JLoginViewController.m in Sources */,
				597061231C537A8000F246EC /* NSDate+ISO8601Unparsing.m in Sources */,
				59A670921C57B64000CDD403 /* Contants.m in Sources */,
				59A670801C579D4300CDD403 /* JGetProject.m in Sources */,
				59B4D71F1C56606200BB0D58 /* JGetDepart.m in Sources */,
				591AF9EA1C5F41A300F56A8F /* JAddSCJHTableViewController.m in Sources */,
				59A670C31C5B462D00CDD403 /* JImagePickerHelper.m in Sources */,
				59A6707C1C57640100CDD403 /* JUserTableViewCell.m in Sources */,
				59A670BD1C5A490700CDD403 /* JAddUserTableViewController.m in Sources */,
				592299331C5703A900970D50 /* JWorkViewController.m in Sources */,
				59B4D71C1C56604A00BB0D58 /* JUpdateIMEI.m in Sources */,
				59A670831C579D7700CDD403 /* JGetUserByMenu.m in Sources */,
				597061321C537F1800F246EC /* JGetMenu.m in Sources */,
				597061241C537A8000F246EC /* USAdditions.m in Sources */,
			);
			runOnlyForDeploymentPostprocessing = 0;
		};
/* End PBXSourcesBuildPhase section */

/* Begin XCBuildConfiguration section */
		59B0EC1A1C4F717C00455F8B /* Debug */ = {
			isa = XCBuildConfiguration;
			buildSettings = {
				ALWAYS_SEARCH_USER_PATHS = NO;
				CLANG_CXX_LANGUAGE_STANDARD = "gnu++0x";
				CLANG_CXX_LIBRARY = "libc++";
				CLANG_ENABLE_MODULES = YES;
				CLANG_ENABLE_OBJC_ARC = YES;
				CLANG_WARN_BOOL_CONVERSION = YES;
				CLANG_WARN_CONSTANT_CONVERSION = YES;
				CLANG_WARN_DIRECT_OBJC_ISA_USAGE = YES_ERROR;
				CLANG_WARN_EMPTY_BODY = YES;
				CLANG_WARN_ENUM_CONVERSION = YES;
				CLANG_WARN_INT_CONVERSION = YES;
				CLANG_WARN_OBJC_ROOT_CLASS = YES_ERROR;
				CLANG_WARN_UNREACHABLE_CODE = YES;
				CLANG_WARN__DUPLICATE_METHOD_MATCH = YES;
				"CODE_SIGN_IDENTITY[sdk=iphoneos*]" = "iPhone Developer";
				COPY_PHASE_STRIP = NO;
				DEBUG_INFORMATION_FORMAT = dwarf;
				ENABLE_STRICT_OBJC_MSGSEND = YES;
				ENABLE_TESTABILITY = YES;
				GCC_C_LANGUAGE_STANDARD = gnu99;
				GCC_DYNAMIC_NO_PIC = NO;
				GCC_NO_COMMON_BLOCKS = YES;
				GCC_OPTIMIZATION_LEVEL = 0;
				GCC_PREPROCESSOR_DEFINITIONS = (
					"DEBUG=1",
					"$(inherited)",
				);
				GCC_WARN_64_TO_32_BIT_CONVERSION = YES;
				GCC_WARN_ABOUT_RETURN_TYPE = YES_ERROR;
				GCC_WARN_UNDECLARED_SELECTOR = YES;
				GCC_WARN_UNINITIALIZED_AUTOS = YES_AGGRESSIVE;
				GCC_WARN_UNUSED_FUNCTION = YES;
				GCC_WARN_UNUSED_VARIABLE = YES;
				IPHONEOS_DEPLOYMENT_TARGET = 9.1;
				MTL_ENABLE_DEBUG_INFO = YES;
				ONLY_ACTIVE_ARCH = YES;
				SDKROOT = iphoneos;
			};
			name = Debug;
		};
		59B0EC1B1C4F717C00455F8B /* Release */ = {
			isa = XCBuildConfiguration;
			buildSettings = {
				ALWAYS_SEARCH_USER_PATHS = NO;
				CLANG_CXX_LANGUAGE_STANDARD = "gnu++0x";
				CLANG_CXX_LIBRARY = "libc++";
				CLANG_ENABLE_MODULES = YES;
				CLANG_ENABLE_OBJC_ARC = YES;
				CLANG_WARN_BOOL_CONVERSION = YES;
				CLANG_WARN_CONSTANT_CONVERSION = YES;
				CLANG_WARN_DIRECT_OBJC_ISA_USAGE = YES_ERROR;
				CLANG_WARN_EMPTY_BODY = YES;
				CLANG_WARN_ENUM_CONVERSION = YES;
				CLANG_WARN_INT_CONVERSION = YES;
				CLANG_WARN_OBJC_ROOT_CLASS = YES_ERROR;
				CLANG_WARN_UNREACHABLE_CODE = YES;
				CLANG_WARN__DUPLICATE_METHOD_MATCH = YES;
				"CODE_SIGN_IDENTITY[sdk=iphoneos*]" = "iPhone Developer";
				COPY_PHASE_STRIP = NO;
				DEBUG_INFORMATION_FORMAT = "dwarf-with-dsym";
				ENABLE_NS_ASSERTIONS = NO;
				ENABLE_STRICT_OBJC_MSGSEND = YES;
				GCC_C_LANGUAGE_STANDARD = gnu99;
				GCC_NO_COMMON_BLOCKS = YES;
				GCC_WARN_64_TO_32_BIT_CONVERSION = YES;
				GCC_WARN_ABOUT_RETURN_TYPE = YES_ERROR;
				GCC_WARN_UNDECLARED_SELECTOR = YES;
				GCC_WARN_UNINITIALIZED_AUTOS = YES_AGGRESSIVE;
				GCC_WARN_UNUSED_FUNCTION = YES;
				GCC_WARN_UNUSED_VARIABLE = YES;
				IPHONEOS_DEPLOYMENT_TARGET = 9.1;
				MTL_ENABLE_DEBUG_INFO = NO;
				SDKROOT = iphoneos;
				VALIDATE_PRODUCT = YES;
			};
			name = Release;
		};
		59B0EC1D1C4F717C00455F8B /* Debug */ = {
			isa = XCBuildConfiguration;
			baseConfigurationReference = 88AF246B2409BE146038DD36 /* Pods.debug.xcconfig */;
			buildSettings = {
				ASSETCATALOG_COMPILER_APPICON_NAME = AppIcon;
				CODE_SIGN_IDENTITY = "iPhone Developer";
				"CODE_SIGN_IDENTITY[sdk=iphoneos*]" = "iPhone Developer";
				ENABLE_BITCODE = NO;
				GCC_PREFIX_HEADER = Demo/PrefixHeader.pch;
				HEADER_SEARCH_PATHS = (
					"$(inherited)",
					"\"${PODS_ROOT}/Headers/Public\"",
					"\"${PODS_ROOT}/Headers/Public/AFNetworking\"",
					"\"${PODS_ROOT}/Headers/Public/BaiduMapKit\"",
					"\"${PODS_ROOT}/Headers/Public/MJRefresh\"",
					"\"${PODS_ROOT}/Headers/Public/Mantle\"",
					"\"${PODS_ROOT}/Headers/Public/Mixpanel\"",
					"\"${PODS_ROOT}/Headers/Public/SDWebImage\"",
					/usr/include/libxml2,
				);
				INFOPLIST_FILE = Demo/Info.plist;
				LD_RUNPATH_SEARCH_PATHS = "$(inherited) @executable_path/Frameworks";
				OTHER_LDFLAGS = (
					"$(inherited)",
					"-ObjC",
					"-l\"AFNetworking\"",
					"-l\"MJRefresh\"",
					"-l\"MPCategoryHelpers\"",
					"-l\"Mantle\"",
					"-l\"Mixpanel\"",
					"-l\"SDWebImage\"",
					"-l\"icucore\"",
					"-l\"sqlite3.0\"",
					"-l\"stdc++.6.0.9\"",
					"-framework",
					"\"Accelerate\"",
					"-framework",
					"\"BaiduMapAPI_Base\"",
					"-framework",
					"\"BaiduMapAPI_Cloud\"",
					"-framework",
					"\"BaiduMapAPI_Location\"",
					"-framework",
					"\"BaiduMapAPI_Map\"",
					"-framework",
					"\"BaiduMapAPI_Radar\"",
					"-framework",
					"\"BaiduMapAPI_Search\"",
					"-framework",
					"\"BaiduMapAPI_Utils\"",
					"-framework",
					"\"CoreGraphics\"",
					"-framework",
					"\"CoreLocation\"",
					"-framework",
					"\"CoreTelephony\"",
					"-framework",
					"\"Foundation\"",
					"-framework",
					"\"ImageIO\"",
					"-framework",
					"\"MobileCoreServices\"",
					"-framework",
					"\"OpenGLES\"",
					"-framework",
					"\"QuartzCore\"",
					"-framework",
					"\"Security\"",
					"-framework",
					"\"SystemConfiguration\"",
					"-framework",
					"\"UIKit\"",
				);
				PRODUCT_BUNDLE_IDENTIFIER = com.jhy.gy.Demo;
				PRODUCT_NAME = "$(TARGET_NAME)";
				PROVISIONING_PROFILE = "";
				USER_HEADER_SEARCH_PATHS = "${SRCROOT}/**";
				WARNING_CFLAGS = "-Wall";
			};
			name = Debug;
		};
		59B0EC1E1C4F717C00455F8B /* Release */ = {
			isa = XCBuildConfiguration;
			baseConfigurationReference = 7E39D02B9FA7B08EFD35C669 /* Pods.release.xcconfig */;
			buildSettings = {
				ASSETCATALOG_COMPILER_APPICON_NAME = AppIcon;
				CODE_SIGN_IDENTITY = "iPhone Developer";
				"CODE_SIGN_IDENTITY[sdk=iphoneos*]" = "iPhone Developer";
				ENABLE_BITCODE = NO;
				GCC_PREFIX_HEADER = Demo/PrefixHeader.pch;
				HEADER_SEARCH_PATHS = (
					"$(inherited)",
					"\"${PODS_ROOT}/Headers/Public\"",
					"\"${PODS_ROOT}/Headers/Public/AFNetworking\"",
					"\"${PODS_ROOT}/Headers/Public/BaiduMapKit\"",
					"\"${PODS_ROOT}/Headers/Public/MJRefresh\"",
					"\"${PODS_ROOT}/Headers/Public/Mantle\"",
					"\"${PODS_ROOT}/Headers/Public/Mixpanel\"",
					"\"${PODS_ROOT}/Headers/Public/SDWebImage\"",
					/usr/include/libxml2,
				);
				INFOPLIST_FILE = Demo/Info.plist;
				LD_RUNPATH_SEARCH_PATHS = "$(inherited) @executable_path/Frameworks";
				OTHER_LDFLAGS = (
					"$(inherited)",
					"-ObjC",
					"-l\"AFNetworking\"",
					"-l\"MJRefresh\"",
					"-l\"MPCategoryHelpers\"",
					"-l\"Mantle\"",
					"-l\"Mixpanel\"",
					"-l\"SDWebImage\"",
					"-l\"icucore\"",
					"-l\"sqlite3.0\"",
					"-l\"stdc++.6.0.9\"",
					"-framework",
					"\"Accelerate\"",
					"-framework",
					"\"BaiduMapAPI_Base\"",
					"-framework",
					"\"BaiduMapAPI_Cloud\"",
					"-framework",
					"\"BaiduMapAPI_Location\"",
					"-framework",
					"\"BaiduMapAPI_Map\"",
					"-framework",
					"\"BaiduMapAPI_Radar\"",
					"-framework",
					"\"BaiduMapAPI_Search\"",
					"-framework",
					"\"BaiduMapAPI_Utils\"",
					"-framework",
					"\"CoreGraphics\"",
					"-framework",
					"\"CoreLocation\"",
					"-framework",
					"\"CoreTelephony\"",
					"-framework",
					"\"Foundation\"",
					"-framework",
					"\"ImageIO\"",
					"-framework",
					"\"MobileCoreServices\"",
					"-framework",
					"\"OpenGLES\"",
					"-framework",
					"\"QuartzCore\"",
					"-framework",
					"\"Security\"",
					"-framework",
					"\"SystemConfiguration\"",
					"-framework",
					"\"UIKit\"",
				);
				PRODUCT_BUNDLE_IDENTIFIER = com.jhy.gy.Demo;
				PRODUCT_NAME = "$(TARGET_NAME)";
				PROVISIONING_PROFILE = "";
				USER_HEADER_SEARCH_PATHS = "${SRCROOT}/**";
				WARNING_CFLAGS = "-Wall";
			};
			name = Release;
		};
/* End XCBuildConfiguration section */

/* Begin XCConfigurationList section */
		59B0EBFD1C4F717C00455F8B /* Build configuration list for PBXProject "Demo" */ = {
			isa = XCConfigurationList;
			buildConfigurations = (
				59B0EC1A1C4F717C00455F8B /* Debug */,
				59B0EC1B1C4F717C00455F8B /* Release */,
			);
			defaultConfigurationIsVisible = 0;
			defaultConfigurationName = Release;
		};
		59B0EC1C1C4F717C00455F8B /* Build configuration list for PBXNativeTarget "Demo" */ = {
			isa = XCConfigurationList;
			buildConfigurations = (
				59B0EC1D1C4F717C00455F8B /* Debug */,
				59B0EC1E1C4F717C00455F8B /* Release */,
			);
			defaultConfigurationIsVisible = 0;
			defaultConfigurationName = Release;
		};
/* End XCConfigurationList section */
	};
	rootObject = 59B0EBFA1C4F717C00455F8B /* Project object */;
}
